
Microsoft Visual Studio Solution File, Format Version 12.00
# Visual Studio Version 17
VisualStudioVersion = 17.7.34031.279
MinimumVisualStudioVersion = 10.0.40219.1
Project("{FAE04EC0-301F-11D3-BF4B-00C04F79EFBC}") = "Module2.dz", "Module2.dz\Module2.dz.csproj", "{6B6203EE-11D9-4126-BF4F-5B687737CC5B}"
EndProject
Global
	GlobalSection(SolutionConfigurationPlatforms) = preSolution
		Debug|Any CPU = Debug|Any CPU
		Release|Any CPU = Release|Any CPU
	EndGlobalSection
	GlobalSection(ProjectConfigurationPlatforms) = postSolution
		{6B6203EE-11D9-4126-BF4F-5B687737CC5B}.Debug|Any CPU.ActiveCfg = Debug|Any CPU
		{6B6203EE-11D9-4126-BF4F-5B687737CC5B}.Debug|Any CPU.Build.0 = Debug|Any CPU
		{6B6203EE-11D9-4126-BF4F-5B687737CC5B}.Release|Any CPU.ActiveCfg = Release|Any CPU
		{6B6203EE-11D9-4126-BF4F-5B687737CC5B}.Release|Any CPU.Build.0 = Release|Any CPU
	EndGlobalSection
	GlobalSection(SolutionProperties) = preSolution
		HideSolutionNode = FALSE
	EndGlobalSection
	GlobalSection(ExtensibilityGlobals) = postSolution
		SolutionGuid = {8399DD6E-263F-41B4-B908-855E9C6AE6FA}
	EndGlobalSection
EndGlobal
